{
  "name": ".opencode",
  "lockfileVersion": 3,
  "requires": true,
  "packages": {
    "": {
      "dependencies": {
        "@opencode-ai/plugin": "1.1.28",
        "js-yaml": "^4.1.1",
        "notdiamond": "^2.2.1"
      }
    },
    "node_modules/@opencode-ai/plugin": {
      "version": "1.1.28",
      "license": "MIT",
      "dependencies": {
        "@opencode-ai/sdk": "1.1.28",
        "zod": "4.1.8"
      }
    },
    "node_modules/@opencode-ai/sdk": {
      "version": "1.1.28",
      "license": "MIT"
    },
    "node_modules/argparse": {
      "version": "2.0.1",
      "resolved": "https://registry.npmjs.org/argparse/-/argparse-2.0.1.tgz",
      "integrity": "sha512-8+9WqebbFzpX9OR+Wa6O29asIogeRMzcGtAINdpMHHyAg10f05aSFVBbcEqGf/PXw1EjAZ+q2/bEBg3DvurK3Q==",
      "license": "Python-2.0"
    },
    "node_modules/js-yaml": {
      "version": "4.1.1",
      "resolved": "https://registry.npmjs.org/js-yaml/-/js-yaml-4.1.1.tgz",
      "integrity": "sha512-qQKT4zQxXl8lLwBtHMWwaTcGfFOZviOJet3Oy/xmGk2gZH677CJM9EvtfdSkgWcATZhj/55JZ0rmy3myCT5lsA==",
      "license": "MIT",
      "dependencies": {
        "argparse": "^2.0.1"
      },
      "bin": {
        "js-yaml": "bin/js-yaml.js"
      }
    },
    "node_modules/notdiamond": {
      "version": "2.2.1",
      "resolved": "https://registry.npmjs.org/notdiamond/-/notdiamond-2.2.1.tgz",
      "integrity": "sha512-D/7MrIom5lvEMKsijZ6HtvGr3e1I7tV7j+UdaG8a7nwrTIt4OA+tmmyD5+ujnxKTr4/Unx2k+GEaGVcGP6JMQg==",
      "license": "Apache-2.0"
    },
    "node_modules/zod": {
      "version": "4.1.8",
      "license": "MIT",
      "funding": {
        "url": "https://github.com/sponsors/colinhacks"
      }
    }
  }
}
