{
  "lockfileVersion": 1,
  "configVersion": 0,
  "workspaces": {
    "": {
      "name": "bmad-router",
      "dependencies": {
        "js-yaml": "^4.1.0",
        "notdiamond": "^2.2.1",
      },
      "devDependencies": {
        "@types/js-yaml": "^4.0.9",
        "@types/node": "^22.10.0",
        "typescript": "^5.7.0",
      },
      "peerDependencies": {
        "@opencode-ai/plugin": ">=1.0.0",
      },
    },
  },
  "packages": {
    "@opencode-ai/plugin": ["@opencode-ai/plugin@1.1.27", "", { "dependencies": { "@opencode-ai/sdk": "1.1.27", "zod": "4.1.8" } }, "sha512-EevLVaEhQ1jTLNRbQJj18tFZaVNJcZZcVqvZEbDSe17CfmVRv3FQNKRAjD/QHwb+Kym7sn+LAZxD7aYIPPelvQ=="],

    "@opencode-ai/sdk": ["@opencode-ai/sdk@1.1.27", "", {}, "sha512-ssRZpET3zUNdk1GuF6HwFkNHhCXSTG0lhuPmw9HjifTwv1EVrn8gz7jAuME2OCvUSBvRTesH6Lb0Xt78Qbhzww=="],

    "@types/js-yaml": ["@types/js-yaml@4.0.9", "", {}, "sha512-k4MGaQl5TGo/iipqb2UDG2UwjXziSWkh0uysQelTlJpX1qGlpUZYm8PnO4DxG1qBomtJUdYJ6qR6xdIah10JLg=="],

    "@types/node": ["@types/node@22.19.7", "", { "dependencies": { "undici-types": "~6.21.0" } }, "sha512-MciR4AKGHWl7xwxkBa6xUGxQJ4VBOmPTF7sL+iGzuahOFaO0jHCsuEfS80pan1ef4gWId1oWOweIhrDEYLuaOw=="],

    "argparse": ["argparse@2.0.1", "", {}, "sha512-8+9WqebbFzpX9OR+Wa6O29asIogeRMzcGtAINdpMHHyAg10f05aSFVBbcEqGf/PXw1EjAZ+q2/bEBg3DvurK3Q=="],

    "js-yaml": ["js-yaml@4.1.1", "", { "dependencies": { "argparse": "^2.0.1" }, "bin": "bin/js-yaml.js" }, "sha512-qQKT4zQxXl8lLwBtHMWwaTcGfFOZviOJet3Oy/xmGk2gZH677CJM9EvtfdSkgWcATZhj/55JZ0rmy3myCT5lsA=="],

    "notdiamond": ["notdiamond@2.2.1", "", {}, "sha512-D/7MrIom5lvEMKsijZ6HtvGr3e1I7tV7j+UdaG8a7nwrTIt4OA+tmmyD5+ujnxKTr4/Unx2k+GEaGVcGP6JMQg=="],

    "typescript": ["typescript@5.9.3", "", { "bin": { "tsc": "bin/tsc", "tsserver": "bin/tsserver" } }, "sha512-jl1vZzPDinLr9eUt3J/t7V6FgNEw9QjvBPdysz9KfQDD41fQrC2Y4vKQdiaUpFT4bXlb1RHhLpp8wtm6M5TgSw=="],

    "undici-types": ["undici-types@6.21.0", "", {}, "sha512-iwDZqg0QAGrg9Rav5H4n0M64c3mkR59cJ6wQp+7C4nI0gsmExaedaYLNO44eT4AtBBwjbTiGPMlt2Md0T9H9JQ=="],

    "zod": ["zod@4.1.8", "", {}, "sha512-5R1P+WwQqmmMIEACyzSvo4JXHY5WiAFHRMg+zBZKgKS+Q1viRa0C1hmUKtHltoIFKtIdki3pRxkmpP74jnNYHQ=="],
  }
}
